
Microsoft Visual Studio Solution File, Format Version 12.00
# Visual Studio Version 17
VisualStudioVersion = 17.12.35707.178
MinimumVisualStudioVersion = 10.0.40219.1
Project("{9A19103F-16F7-4668-BE54-9A1E7A4F7556}") = "FlightReservationSystem.Domain", "FlightReservationSystem.Domain\FlightReservationSystem.Domain.csproj", "{27A38AEB-0508-4757-88A4-48A2F007BAC7}"
EndProject
Project("{9A19103F-16F7-4668-BE54-9A1E7A4F7556}") = "FlightReservationSystem.Infrastructure", "FlightReservationSystem.Infrastructure\FlightReservationSystem.Infrastructure.csproj", "{F046E816-01DB-40BA-90A0-A3A651A5DE9F}"
EndProject
Project("{9A19103F-16F7-4668-BE54-9A1E7A4F7556}") = "FlightReservationSystem.Application", "FlightReservationSystem.Application\FlightReservationSystem.Application.csproj", "{08361BFB-DE87-4C60-8290-BC4E20F1F176}"
EndProject
Project("{9A19103F-16F7-4668-BE54-9A1E7A4F7556}") = "FlightReservationSystem.Api", "FlightReservationSystem.Api\FlightReservationSystem.Api.csproj", "{73D0837B-73F6-42F2-9CFB-EC9E84D34B85}"
EndProject
Project("{E53339B2-1760-4266-BCC7-CA923CBCF16C}") = "docker-compose", "docker-compose.dcproj", "{81DDED9D-158B-E303-5F62-77A2896D2A5A}"
EndProject
Project("{9A19103F-16F7-4668-BE54-9A1E7A4F7556}") = "Airlines.AppHost", "Airlines.AppHost\Airlines.AppHost.csproj", "{65667E20-708B-4CAE-9FD9-4D832F9E84B9}"
EndProject
Project("{9A19103F-16F7-4668-BE54-9A1E7A4F7556}") = "Airlines.ServiceDefaults", "Airlines.ServiceDefaults\Airlines.ServiceDefaults.csproj", "{BAEB9343-A641-5DDE-EFD6-77D5E82D546F}"
EndProject
Project("{9A19103F-16F7-4668-BE54-9A1E7A4F7556}") = "WebApp", "WebApp\WebApp.csproj", "{3215F6CF-A442-1C21-6AD3-94ED23F4EBA5}"
EndProject
Global
	GlobalSection(SolutionConfigurationPlatforms) = preSolution
		Debug|Any CPU = Debug|Any CPU
		Release|Any CPU = Release|Any CPU
	EndGlobalSection
	GlobalSection(ProjectConfigurationPlatforms) = postSolution
		{27A38AEB-0508-4757-88A4-48A2F007BAC7}.Debug|Any CPU.ActiveCfg = Debug|Any CPU
		{27A38AEB-0508-4757-88A4-48A2F007BAC7}.Debug|Any CPU.Build.0 = Debug|Any CPU
		{27A38AEB-0508-4757-88A4-48A2F007BAC7}.Release|Any CPU.ActiveCfg = Release|Any CPU
		{27A38AEB-0508-4757-88A4-48A2F007BAC7}.Release|Any CPU.Build.0 = Release|Any CPU
		{F046E816-01DB-40BA-90A0-A3A651A5DE9F}.Debug|Any CPU.ActiveCfg = Debug|Any CPU
		{F046E816-01DB-40BA-90A0-A3A651A5DE9F}.Debug|Any CPU.Build.0 = Debug|Any CPU
		{F046E816-01DB-40BA-90A0-A3A651A5DE9F}.Release|Any CPU.ActiveCfg = Release|Any CPU
		{F046E816-01DB-40BA-90A0-A3A651A5DE9F}.Release|Any CPU.Build.0 = Release|Any CPU
		{08361BFB-DE87-4C60-8290-BC4E20F1F176}.Debug|Any CPU.ActiveCfg = Debug|Any CPU
		{08361BFB-DE87-4C60-8290-BC4E20F1F176}.Debug|Any CPU.Build.0 = Debug|Any CPU
		{08361BFB-DE87-4C60-8290-BC4E20F1F176}.Release|Any CPU.ActiveCfg = Release|Any CPU
		{08361BFB-DE87-4C60-8290-BC4E20F1F176}.Release|Any CPU.Build.0 = Release|Any CPU
		{73D0837B-73F6-42F2-9CFB-EC9E84D34B85}.Debug|Any CPU.ActiveCfg = Debug|Any CPU
		{73D0837B-73F6-42F2-9CFB-EC9E84D34B85}.Debug|Any CPU.Build.0 = Debug|Any CPU
		{73D0837B-73F6-42F2-9CFB-EC9E84D34B85}.Release|Any CPU.ActiveCfg = Release|Any CPU
		{73D0837B-73F6-42F2-9CFB-EC9E84D34B85}.Release|Any CPU.Build.0 = Release|Any CPU
		{81DDED9D-158B-E303-5F62-77A2896D2A5A}.Debug|Any CPU.ActiveCfg = Debug|Any CPU
		{81DDED9D-158B-E303-5F62-77A2896D2A5A}.Debug|Any CPU.Build.0 = Debug|Any CPU
		{81DDED9D-158B-E303-5F62-77A2896D2A5A}.Release|Any CPU.ActiveCfg = Release|Any CPU
		{81DDED9D-158B-E303-5F62-77A2896D2A5A}.Release|Any CPU.Build.0 = Release|Any CPU
		{65667E20-708B-4CAE-9FD9-4D832F9E84B9}.Debug|Any CPU.ActiveCfg = Debug|Any CPU
		{65667E20-708B-4CAE-9FD9-4D832F9E84B9}.Debug|Any CPU.Build.0 = Debug|Any CPU
		{65667E20-708B-4CAE-9FD9-4D832F9E84B9}.Release|Any CPU.ActiveCfg = Release|Any CPU
		{65667E20-708B-4CAE-9FD9-4D832F9E84B9}.Release|Any CPU.Build.0 = Release|Any CPU
		{BAEB9343-A641-5DDE-EFD6-77D5E82D546F}.Debug|Any CPU.ActiveCfg = Debug|Any CPU
		{BAEB9343-A641-5DDE-EFD6-77D5E82D546F}.Debug|Any CPU.Build.0 = Debug|Any CPU
		{BAEB9343-A641-5DDE-EFD6-77D5E82D546F}.Release|Any CPU.ActiveCfg = Release|Any CPU
		{BAEB9343-A641-5DDE-EFD6-77D5E82D546F}.Release|Any CPU.Build.0 = Release|Any CPU
		{3215F6CF-A442-1C21-6AD3-94ED23F4EBA5}.Debug|Any CPU.ActiveCfg = Debug|Any CPU
		{3215F6CF-A442-1C21-6AD3-94ED23F4EBA5}.Debug|Any CPU.Build.0 = Debug|Any CPU
		{3215F6CF-A442-1C21-6AD3-94ED23F4EBA5}.Release|Any CPU.ActiveCfg = Release|Any CPU
		{3215F6CF-A442-1C21-6AD3-94ED23F4EBA5}.Release|Any CPU.Build.0 = Release|Any CPU
	EndGlobalSection
	GlobalSection(SolutionProperties) = preSolution
		HideSolutionNode = FALSE
	EndGlobalSection
	GlobalSection(ExtensibilityGlobals) = postSolution
		SolutionGuid = {6514FF5D-849A-4DE1-8162-C50D26B95959}
	EndGlobalSection
EndGlobal
